
Microsoft Visual Studio Solution File, Format Version 12.00
# Visual Studio Version 17
VisualStudioVersion = 17.2.32630.192
MinimumVisualStudioVersion = 10.0.40219.1
Project("{9A19103F-16F7-4668-BE54-9A1E7A4F7556}") = "BatteryProberUI", "BatteryProberUI\BatteryProberUI.csproj", "{5A1E91BC-B1B5-4F4B-822D-E600245459E0}"
	ProjectSection(ProjectDependencies) = postProject
		{CD9BA516-FA75-4349-B6C8-6C36D87A14AA} = {CD9BA516-FA75-4349-B6C8-6C36D87A14AA}
	EndProjectSection
EndProject
Project("{8BC9CEB8-8B4A-11D0-8D11-00A0C91BC942}") = "BatteryProberCLI", "BatteryProberCLI\BatteryProberCLI.vcxproj", "{CD9BA516-FA75-4349-B6C8-6C36D87A14AA}"
EndProject
Global
	GlobalSection(SolutionConfigurationPlatforms) = preSolution
		Debug|x64 = Debug|x64
		Release|x64 = Release|x64
	EndGlobalSection
	GlobalSection(ProjectConfigurationPlatforms) = postSolution
		{5A1E91BC-B1B5-4F4B-822D-E600245459E0}.Debug|x64.ActiveCfg = Debug|x64
		{5A1E91BC-B1B5-4F4B-822D-E600245459E0}.Debug|x64.Build.0 = Debug|x64
		{5A1E91BC-B1B5-4F4B-822D-E600245459E0}.Release|x64.ActiveCfg = Release|x64
		{CD9BA516-FA75-4349-B6C8-6C36D87A14AA}.Debug|x64.ActiveCfg = Debug|x64
		{CD9BA516-FA75-4349-B6C8-6C36D87A14AA}.Debug|x64.Build.0 = Debug|x64
		{CD9BA516-FA75-4349-B6C8-6C36D87A14AA}.Release|x64.ActiveCfg = Release|x64
		{CD9BA516-FA75-4349-B6C8-6C36D87A14AA}.Release|x64.Build.0 = Release|x64
	EndGlobalSection
	GlobalSection(SolutionProperties) = preSolution
		HideSolutionNode = FALSE
	EndGlobalSection
	GlobalSection(ExtensibilityGlobals) = postSolution
		SolutionGuid = {5E959DC0-0F95-41E3-AA3E-4AE1AF428F77}
	EndGlobalSection
EndGlobal
